
Microsoft Visual Studio Solution File, Format Version 12.00
# Visual Studio Version 16
VisualStudioVersion = 16.0.30804.86
MinimumVisualStudioVersion = 10.0.40219.1
Project("{9A19103F-16F7-4668-BE54-9A1E7A4F7556}") = "ElasticSearchExample.Entites", "ElasticSearchExample.Entites\ElasticSearchExample.Entites.csproj", "{009C1E29-DF54-4BBB-9144-3975D1911250}"
EndProject
Project("{9A19103F-16F7-4668-BE54-9A1E7A4F7556}") = "ElasticSearchExample.Data.DAL", "ElasticSearch.Data.DAL\ElasticSearchExample.Data.DAL.csproj", "{FD7E897A-3D4C-4984-AB49-A0E12AC60EBA}"
EndProject
Project("{9A19103F-16F7-4668-BE54-9A1E7A4F7556}") = "ElasticSearchExample.Web", "ElasticSearchExample.Web\ElasticSearchExample.Web.csproj", "{B1A64252-395E-49BB-89D3-C11D1DF28426}"
EndProject
Project("{FAE04EC0-301F-11D3-BF4B-00C04F79EFBC}") = "RabbitMQ.Sender", "RabbitMQ.Sender\RabbitMQ.Sender.csproj", "{9E329832-25E5-4D2C-AFA1-794662CC41E0}"
EndProject
Project("{FAE04EC0-301F-11D3-BF4B-00C04F79EFBC}") = "RabbitMQ.Receiver", "RabbitMQ.Receiver\RabbitMQ.Receiver.csproj", "{AEFE72A2-A0A3-439E-8FAC-B08623E036F5}"
EndProject
Global
	GlobalSection(SolutionConfigurationPlatforms) = preSolution
		Debug|Any CPU = Debug|Any CPU
		Release|Any CPU = Release|Any CPU
	EndGlobalSection
	GlobalSection(ProjectConfigurationPlatforms) = postSolution
		{009C1E29-DF54-4BBB-9144-3975D1911250}.Debug|Any CPU.ActiveCfg = Debug|Any CPU
		{009C1E29-DF54-4BBB-9144-3975D1911250}.Debug|Any CPU.Build.0 = Debug|Any CPU
		{009C1E29-DF54-4BBB-9144-3975D1911250}.Release|Any CPU.ActiveCfg = Release|Any CPU
		{009C1E29-DF54-4BBB-9144-3975D1911250}.Release|Any CPU.Build.0 = Release|Any CPU
		{FD7E897A-3D4C-4984-AB49-A0E12AC60EBA}.Debug|Any CPU.ActiveCfg = Debug|Any CPU
		{FD7E897A-3D4C-4984-AB49-A0E12AC60EBA}.Debug|Any CPU.Build.0 = Debug|Any CPU
		{FD7E897A-3D4C-4984-AB49-A0E12AC60EBA}.Release|Any CPU.ActiveCfg = Release|Any CPU
		{FD7E897A-3D4C-4984-AB49-A0E12AC60EBA}.Release|Any CPU.Build.0 = Release|Any CPU
		{B1A64252-395E-49BB-89D3-C11D1DF28426}.Debug|Any CPU.ActiveCfg = Debug|Any CPU
		{B1A64252-395E-49BB-89D3-C11D1DF28426}.Debug|Any CPU.Build.0 = Debug|Any CPU
		{B1A64252-395E-49BB-89D3-C11D1DF28426}.Release|Any CPU.ActiveCfg = Release|Any CPU
		{B1A64252-395E-49BB-89D3-C11D1DF28426}.Release|Any CPU.Build.0 = Release|Any CPU
		{9E329832-25E5-4D2C-AFA1-794662CC41E0}.Debug|Any CPU.ActiveCfg = Debug|Any CPU
		{9E329832-25E5-4D2C-AFA1-794662CC41E0}.Debug|Any CPU.Build.0 = Debug|Any CPU
		{9E329832-25E5-4D2C-AFA1-794662CC41E0}.Release|Any CPU.ActiveCfg = Release|Any CPU
		{9E329832-25E5-4D2C-AFA1-794662CC41E0}.Release|Any CPU.Build.0 = Release|Any CPU
		{AEFE72A2-A0A3-439E-8FAC-B08623E036F5}.Debug|Any CPU.ActiveCfg = Debug|Any CPU
		{AEFE72A2-A0A3-439E-8FAC-B08623E036F5}.Debug|Any CPU.Build.0 = Debug|Any CPU
		{AEFE72A2-A0A3-439E-8FAC-B08623E036F5}.Release|Any CPU.ActiveCfg = Release|Any CPU
		{AEFE72A2-A0A3-439E-8FAC-B08623E036F5}.Release|Any CPU.Build.0 = Release|Any CPU
	EndGlobalSection
	GlobalSection(SolutionProperties) = preSolution
		HideSolutionNode = FALSE
	EndGlobalSection
	GlobalSection(ExtensibilityGlobals) = postSolution
		SolutionGuid = {21ACB83D-17B8-486C-834A-43E6D2359C39}
	EndGlobalSection
EndGlobal
